
Microsoft Visual Studio Solution File, Format Version 12.00
# Visual Studio 15
VisualStudioVersion = 15.0.28307.1022
MinimumVisualStudioVersion = 10.0.40219.1
Project("{FAE04EC0-301F-11D3-BF4B-00C04F79EFBC}") = "LogicalInterpreter", "LogicalInterpreter\LogicalInterpreter.csproj", "{420082E0-B3C8-4B60-A738-BC2D54831224}"
EndProject
Project("{FAE04EC0-301F-11D3-BF4B-00C04F79EFBC}") = "UnitTests", "UnitTests\UnitTests.csproj", "{95D978D4-6B97-4949-9A48-AC363DC9FE6F}"
EndProject
Global
	GlobalSection(SolutionConfigurationPlatforms) = preSolution
		Debug|Any CPU = Debug|Any CPU
		Release|Any CPU = Release|Any CPU
	EndGlobalSection
	GlobalSection(ProjectConfigurationPlatforms) = postSolution
		{420082E0-B3C8-4B60-A738-BC2D54831224}.Debug|Any CPU.ActiveCfg = Debug|Any CPU
		{420082E0-B3C8-4B60-A738-BC2D54831224}.Debug|Any CPU.Build.0 = Debug|Any CPU
		{420082E0-B3C8-4B60-A738-BC2D54831224}.Release|Any CPU.ActiveCfg = Release|Any CPU
		{420082E0-B3C8-4B60-A738-BC2D54831224}.Release|Any CPU.Build.0 = Release|Any CPU
		{95D978D4-6B97-4949-9A48-AC363DC9FE6F}.Debug|Any CPU.ActiveCfg = Debug|Any CPU
		{95D978D4-6B97-4949-9A48-AC363DC9FE6F}.Debug|Any CPU.Build.0 = Debug|Any CPU
		{95D978D4-6B97-4949-9A48-AC363DC9FE6F}.Release|Any CPU.ActiveCfg = Release|Any CPU
		{95D978D4-6B97-4949-9A48-AC363DC9FE6F}.Release|Any CPU.Build.0 = Release|Any CPU
	EndGlobalSection
	GlobalSection(SolutionProperties) = preSolution
		HideSolutionNode = FALSE
	EndGlobalSection
	GlobalSection(ExtensibilityGlobals) = postSolution
		SolutionGuid = {A6E6D029-3492-433B-9184-2206C4A84CE7}
	EndGlobalSection
EndGlobal
